
Microsoft Visual Studio Solution File, Format Version 12.00
# Visual Studio 2013
VisualStudioVersion = 12.0.30501.0
MinimumVisualStudioVersion = 10.0.40219.1
Project("{FAE04EC0-301F-11D3-BF4B-00C04F79EFBC}") = "Rethinq", "Rethinq\Rethinq.csproj", "{B78EAFE5-DE5B-440E-8D15-86D9D8A96042}"
EndProject
Project("{FAE04EC0-301F-11D3-BF4B-00C04F79EFBC}") = "Sandbox", "Sandbox\Sandbox.csproj", "{0F30D42E-EAE5-440D-AD00-FA06157190FD}"
EndProject
Project("{2150E333-8FDC-42A3-9474-1A3956D46DE8}") = ".nuget", ".nuget", "{886ABB4D-9EE7-46A5-B5D0-C4708C00A3C8}"
	ProjectSection(SolutionItems) = preProject
		.nuget\NuGet.Config = .nuget\NuGet.Config
		.nuget\NuGet.exe = .nuget\NuGet.exe
		.nuget\NuGet.targets = .nuget\NuGet.targets
	EndProjectSection
EndProject
Project("{FAE04EC0-301F-11D3-BF4B-00C04F79EFBC}") = "Dawn.SocketAwaitable", "..\..\..\GitHub\Dawn.SocketAwaitable\src\Dawn.SocketAwaitable\Dawn.SocketAwaitable.csproj", "{09C67697-1B3E-4E40-A972-C6768FFA006C}"
EndProject
Project("{FAE04EC0-301F-11D3-BF4B-00C04F79EFBC}") = "Migrap", "..\..\..\Visual Studio 2013\Projects\Migrap\src\Migrap\Migrap.csproj", "{A7537121-9881-448E-AE41-20A9563F6D9E}"
EndProject
Global
	GlobalSection(SolutionConfigurationPlatforms) = preSolution
		Debug|Any CPU = Debug|Any CPU
		Release|Any CPU = Release|Any CPU
	EndGlobalSection
	GlobalSection(ProjectConfigurationPlatforms) = postSolution
		{B78EAFE5-DE5B-440E-8D15-86D9D8A96042}.Debug|Any CPU.ActiveCfg = Debug|Any CPU
		{B78EAFE5-DE5B-440E-8D15-86D9D8A96042}.Debug|Any CPU.Build.0 = Debug|Any CPU
		{B78EAFE5-DE5B-440E-8D15-86D9D8A96042}.Release|Any CPU.ActiveCfg = Release|Any CPU
		{B78EAFE5-DE5B-440E-8D15-86D9D8A96042}.Release|Any CPU.Build.0 = Release|Any CPU
		{0F30D42E-EAE5-440D-AD00-FA06157190FD}.Debug|Any CPU.ActiveCfg = Debug|Any CPU
		{0F30D42E-EAE5-440D-AD00-FA06157190FD}.Debug|Any CPU.Build.0 = Debug|Any CPU
		{0F30D42E-EAE5-440D-AD00-FA06157190FD}.Release|Any CPU.ActiveCfg = Release|Any CPU
		{0F30D42E-EAE5-440D-AD00-FA06157190FD}.Release|Any CPU.Build.0 = Release|Any CPU
		{09C67697-1B3E-4E40-A972-C6768FFA006C}.Debug|Any CPU.ActiveCfg = Debug|Any CPU
		{09C67697-1B3E-4E40-A972-C6768FFA006C}.Debug|Any CPU.Build.0 = Debug|Any CPU
		{09C67697-1B3E-4E40-A972-C6768FFA006C}.Release|Any CPU.ActiveCfg = Release|Any CPU
		{09C67697-1B3E-4E40-A972-C6768FFA006C}.Release|Any CPU.Build.0 = Release|Any CPU
		{A7537121-9881-448E-AE41-20A9563F6D9E}.Debug|Any CPU.ActiveCfg = Debug|Any CPU
		{A7537121-9881-448E-AE41-20A9563F6D9E}.Debug|Any CPU.Build.0 = Debug|Any CPU
		{A7537121-9881-448E-AE41-20A9563F6D9E}.Release|Any CPU.ActiveCfg = Release|Any CPU
		{A7537121-9881-448E-AE41-20A9563F6D9E}.Release|Any CPU.Build.0 = Release|Any CPU
	EndGlobalSection
	GlobalSection(SolutionProperties) = preSolution
		HideSolutionNode = FALSE
	EndGlobalSection
EndGlobal
